Microsoft Visual Studio Solution File, Format Version 12.00
# Visual Studio 15
VisualStudioVersion = 15.0.28010.2046
MinimumVisualStudioVersion = 10.0.40219.1
Project("{FAE04EC0-301F-11D3-BF4B-00C04F79EFBC}") = "Decentraverse.Android", "Decentraverse.Android\Decentraverse.Android.csproj", "{9EB91558-DFE0-4C9D-B742-819FC513B364}"
EndProject
Project("{FAE04EC0-301F-11D3-BF4B-00C04F79EFBC}") = "Decentraverse.iOS", "Decentraverse.iOS\Decentraverse.iOS.csproj", "{1E9AA0F4-1A99-41E2-ACBB-1521CC5D36D1}"
EndProject
Project("{9A19103F-16F7-4668-BE54-9A1E7A4F7556}") = "Decentraverse", "Decentraverse\Decentraverse.csproj", "{783FBC39-B8AB-40D1-BD35-175F57E99349}"
EndProject
Global
	GlobalSection(SolutionConfigurationPlatforms) = preSolution
		Ad-Hoc|Any CPU = Ad-Hoc|Any CPU
		Ad-Hoc|iPhone = Ad-Hoc|iPhone
		Ad-Hoc|iPhoneSimulator = Ad-Hoc|iPhoneSimulator
		AppStore|Any CPU = AppStore|Any CPU
		AppStore|iPhone = AppStore|iPhone
		AppStore|iPhoneSimulator = AppStore|iPhoneSimulator
		Debug|Any CPU = Debug|Any CPU
		Debug|iPhone = Debug|iPhone
		Debug|iPhoneSimulator = Debug|iPhoneSimulator
		Release|Any CPU = Release|Any CPU
		Release|iPhone = Release|iPhone
		Release|iPhoneSimulator = Release|iPhoneSimulator
	EndGlobalSection
	GlobalSection(ProjectConfigurationPlatforms) = postSolution
		{9EB91558-DFE0-4C9D-B742-819FC513B364}.Ad-Hoc|Any CPU.ActiveCfg = Release|Any CPU
		{9EB91558-DFE0-4C9D-B742-819FC513B364}.Ad-Hoc|Any CPU.Build.0 = Release|Any CPU
		{9EB91558-DFE0-4C9D-B742-819FC513B364}.Ad-Hoc|Any CPU.Deploy.0 = Release|Any CPU
		{9EB91558-DFE0-4C9D-B742-819FC513B364}.Ad-Hoc|iPhone.ActiveCfg = Debug|Any CPU
		{9EB91558-DFE0-4C9D-B742-819FC513B364}.Ad-Hoc|iPhone.Build.0 = Debug|Any CPU
		{9EB91558-DFE0-4C9D-B742-819FC513B364}.Ad-Hoc|iPhoneSimulator.ActiveCfg = Release|Any CPU
		{9EB91558-DFE0-4C9D-B742-819FC513B364}.Ad-Hoc|iPhoneSimulator.Build.0 = Release|Any CPU
		{9EB91558-DFE0-4C9D-B742-819FC513B364}.Ad-Hoc|iPhoneSimulator.Deploy.0 = Release|Any CPU
		{9EB91558-DFE0-4C9D-B742-819FC513B364}.AppStore|Any CPU.ActiveCfg = Release|Any CPU
		{9EB91558-DFE0-4C9D-B742-819FC513B364}.AppStore|Any CPU.Build.0 = Release|Any CPU
		{9EB91558-DFE0-4C9D-B742-819FC513B364}.AppStore|Any CPU.Deploy.0 = Release|Any CPU
		{9EB91558-DFE0-4C9D-B742-819FC513B364}.AppStore|iPhone.ActiveCfg = Debug|Any CPU
		{9EB91558-DFE0-4C9D-B742-819FC513B364}.AppStore|iPhone.Build.0 = Debug|Any CPU
		{9EB91558-DFE0-4C9D-B742-819FC513B364}.AppStore|iPhoneSimulator.ActiveCfg = Release|Any CPU
		{9EB91558-DFE0-4C9D-B742-819FC513B364}.AppStore|iPhoneSimulator.Build.0 = Release|Any CPU
		{9EB91558-DFE0-4C9D-B742-819FC513B364}.AppStore|iPhoneSimulator.Deploy.0 = Release|Any CPU
		{9EB91558-DFE0-4C9D-B742-819FC513B364}.Debug|Any CPU.ActiveCfg = Debug|Any CPU
		{9EB91558-DFE0-4C9D-B742-819FC513B364}.Debug|Any CPU.Build.0 = Debug|Any CPU
		{9EB91558-DFE0-4C9D-B742-819FC513B364}.Debug|Any CPU.Deploy.0 = Debug|Any CPU
		{9EB91558-DFE0-4C9D-B742-819FC513B364}.Debug|iPhone.ActiveCfg = Debug|Any CPU
		{9EB91558-DFE0-4C9D-B742-819FC513B364}.Debug|iPhone.Build.0 = Debug|Any CPU
		{9EB91558-DFE0-4C9D-B742-819FC513B364}.Debug|iPhoneSimulator.ActiveCfg = Debug|Any CPU
		{9EB91558-DFE0-4C9D-B742-819FC513B364}.Debug|iPhoneSimulator.Build.0 = Debug|Any CPU
		{9EB91558-DFE0-4C9D-B742-819FC513B364}.Release|Any CPU.ActiveCfg = Release|Any CPU
		{9EB91558-DFE0-4C9D-B742-819FC513B364}.Release|Any CPU.Build.0 = Release|Any CPU
		{9EB91558-DFE0-4C9D-B742-819FC513B364}.Release|iPhone.ActiveCfg = Release|Any CPU
		{9EB91558-DFE0-4C9D-B742-819FC513B364}.Release|iPhone.Build.0 = Release|Any CPU
		{9EB91558-DFE0-4C9D-B742-819FC513B364}.Release|iPhoneSimulator.ActiveCfg = Release|Any CPU
		{9EB91558-DFE0-4C9D-B742-819FC513B364}.Release|iPhoneSimulator.Build.0 = Release|Any CPU
		{1E9AA0F4-1A99-41E2-ACBB-1521CC5D36D1}.Ad-Hoc|Any CPU.ActiveCfg = Ad-Hoc|iPhoneSimulator
		{1E9AA0F4-1A99-41E2-ACBB-1521CC5D36D1}.Ad-Hoc|iPhone.ActiveCfg = Ad-Hoc|iPhone
		{1E9AA0F4-1A99-41E2-ACBB-1521CC5D36D1}.Ad-Hoc|iPhone.Build.0 = Ad-Hoc|iPhone
		{1E9AA0F4-1A99-41E2-ACBB-1521CC5D36D1}.Ad-Hoc|iPhoneSimulator.ActiveCfg = Ad-Hoc|iPhoneSimulator
		{1E9AA0F4-1A99-41E2-ACBB-1521CC5D36D1}.Ad-Hoc|iPhoneSimulator.Build.0 = Ad-Hoc|iPhoneSimulator
		{1E9AA0F4-1A99-41E2-ACBB-1521CC5D36D1}.AppStore|Any CPU.ActiveCfg = AppStore|iPhoneSimulator
		{1E9AA0F4-1A99-41E2-ACBB-1521CC5D36D1}.AppStore|iPhone.ActiveCfg = AppStore|iPhone
		{1E9AA0F4-1A99-41E2-ACBB-1521CC5D36D1}.AppStore|iPhone.Build.0 = AppStore|iPhone
		{1E9AA0F4-1A99-41E2-ACBB-1521CC5D36D1}.AppStore|iPhoneSimulator.ActiveCfg = AppStore|iPhoneSimulator
		{1E9AA0F4-1A99-41E2-ACBB-1521CC5D36D1}.AppStore|iPhoneSimulator.Build.0 = AppStore|iPhoneSimulator
		{1E9AA0F4-1A99-41E2-ACBB-1521CC5D36D1}.Debug|Any CPU.ActiveCfg = Debug|iPhoneSimulator
		{1E9AA0F4-1A99-41E2-ACBB-1521CC5D36D1}.Debug|Any CPU.Build.0 = Debug|iPhoneSimulator
		{1E9AA0F4-1A99-41E2-ACBB-1521CC5D36D1}.Debug|iPhone.ActiveCfg = Debug|iPhone
		{1E9AA0F4-1A99-41E2-ACBB-1521CC5D36D1}.Debug|iPhone.Build.0 = Debug|iPhone
		{1E9AA0F4-1A99-41E2-ACBB-1521CC5D36D1}.Debug|iPhoneSimulator.ActiveCfg = Debug|iPhoneSimulator
		{1E9AA0F4-1A99-41E2-ACBB-1521CC5D36D1}.Debug|iPhoneSimulator.Build.0 = Debug|iPhoneSimulator
		{1E9AA0F4-1A99-41E2-ACBB-1521CC5D36D1}.Release|Any CPU.ActiveCfg = Release|iPhoneSimulator
		{1E9AA0F4-1A99-41E2-ACBB-1521CC5D36D1}.Release|Any CPU.Build.0 = Release|iPhoneSimulator
		{1E9AA0F4-1A99-41E2-ACBB-1521CC5D36D1}.Release|iPhone.ActiveCfg = Release|iPhone
		{1E9AA0F4-1A99-41E2-ACBB-1521CC5D36D1}.Release|iPhone.Build.0 = Release|iPhone
		{1E9AA0F4-1A99-41E2-ACBB-1521CC5D36D1}.Release|iPhoneSimulator.ActiveCfg = Release|iPhoneSimulator
		{1E9AA0F4-1A99-41E2-ACBB-1521CC5D36D1}.Release|iPhoneSimulator.Build.0 = Release|iPhoneSimulator
		{783FBC39-B8AB-40D1-BD35-175F57E99349}.Ad-Hoc|Any CPU.ActiveCfg = Release|Any CPU
		{783FBC39-B8AB-40D1-BD35-175F57E99349}.Ad-Hoc|Any CPU.Build.0 = Release|Any CPU
		{783FBC39-B8AB-40D1-BD35-175F57E99349}.Ad-Hoc|iPhone.ActiveCfg = Debug|Any CPU
		{783FBC39-B8AB-40D1-BD35-175F57E99349}.Ad-Hoc|iPhone.Build.0 = Debug|Any CPU
		{783FBC39-B8AB-40D1-BD35-175F57E99349}.Ad-Hoc|iPhoneSimulator.ActiveCfg = Release|Any CPU
		{783FBC39-B8AB-40D1-BD35-175F57E99349}.Ad-Hoc|iPhoneSimulator.Build.0 = Release|Any CPU
		{783FBC39-B8AB-40D1-BD35-175F57E99349}.AppStore|Any CPU.ActiveCfg = Release|Any CPU
		{783FBC39-B8AB-40D1-BD35-175F57E99349}.AppStore|Any CPU.Build.0 = Release|Any CPU
		{783FBC39-B8AB-40D1-BD35-175F57E99349}.AppStore|iPhone.ActiveCfg = Debug|Any CPU
		{783FBC39-B8AB-40D1-BD35-175F57E99349}.AppStore|iPhone.Build.0 = Debug|Any CPU
		{783FBC39-B8AB-40D1-BD35-175F57E99349}.AppStore|iPhoneSimulator.ActiveCfg = Release|Any CPU
		{783FBC39-B8AB-40D1-BD35-175F57E99349}.AppStore|iPhoneSimulator.Build.0 = Release|Any CPU
		{783FBC39-B8AB-40D1-BD35-175F57E99349}.Debug|Any CPU.ActiveCfg = Debug|Any CPU
		{783FBC39-B8AB-40D1-BD35-175F57E99349}.Debug|Any CPU.Build.0 = Debug|Any CPU
		{783FBC39-B8AB-40D1-BD35-175F57E99349}.Debug|iPhone.ActiveCfg = Debug|Any CPU
		{783FBC39-B8AB-40D1-BD35-175F57E99349}.Debug|iPhone.Build.0 = Debug|Any CPU
		{783FBC39-B8AB-40D1-BD35-175F57E99349}.Debug|iPhoneSimulator.ActiveCfg = Debug|Any CPU
		{783FBC39-B8AB-40D1-BD35-175F57E99349}.Debug|iPhoneSimulator.Build.0 = Debug|Any CPU
		{783FBC39-B8AB-40D1-BD35-175F57E99349}.Release|Any CPU.ActiveCfg = Release|Any CPU
		{783FBC39-B8AB-40D1-BD35-175F57E99349}.Release|Any CPU.Build.0 = Release|Any CPU
		{783FBC39-B8AB-40D1-BD35-175F57E99349}.Release|iPhone.ActiveCfg = Release|Any CPU
		{783FBC39-B8AB-40D1-BD35-175F57E99349}.Release|iPhone.Build.0 = Release|Any CPU
		{783FBC39-B8AB-40D1-BD35-175F57E99349}.Release|iPhoneSimulator.ActiveCfg = Release|Any CPU
		{783FBC39-B8AB-40D1-BD35-175F57E99349}.Release|iPhoneSimulator.Build.0 = Release|Any CPU
	EndGlobalSection
	GlobalSection(SolutionProperties) = preSolution
		HideSolutionNode = FALSE
	EndGlobalSection
	GlobalSection(ExtensibilityGlobals) = postSolution
		SolutionGuid = {ED5EAA68-4381-4D07-8D83-F6628F50A5AA}
	EndGlobalSection
EndGlobal
